Microsoft Visual Studio Solution File, Format Version 12.00
# Visual Studio Version 16
VisualStudioVersion = 16.0.31025.194
MinimumVisualStudioVersion = 10.0.40219.1
Project("{9A19103F-16F7-4668-BE54-9A1E7A4F7556}") = "Studi.Api.Proctoring", "src\Studi.Api.Proctoring\Studi.Api.Proctoring.csproj", "{577AFBAE-0044-4BA7-8F0C-3FA7179EB3A9}"
EndProject
Global
	GlobalSection(SolutionConfigurationPlatforms) = preSolution
		Debug|Any CPU = Debug|Any CPU
		Release|Any CPU = Release|Any CPU
	EndGlobalSection
	GlobalSection(ProjectConfigurationPlatforms) = postSolution
		{577AFBAE-0044-4BA7-8F0C-3FA7179EB3A9}.Debug|Any CPU.ActiveCfg = Debug|Any CPU
		{577AFBAE-0044-4BA7-8F0C-3FA7179EB3A9}.Debug|Any CPU.Build.0 = Debug|Any CPU
		{577AFBAE-0044-4BA7-8F0C-3FA7179EB3A9}.Release|Any CPU.ActiveCfg = Release|Any CPU
		{577AFBAE-0044-4BA7-8F0C-3FA7179EB3A9}.Release|Any CPU.Build.0 = Release|Any CPU
	EndGlobalSection
	GlobalSection(SolutionProperties) = preSolution
		HideSolutionNode = FALSE
	EndGlobalSection
	GlobalSection(ExtensibilityGlobals) = postSolution
		SolutionGuid = {1A2F41B1-6F6E-413C-BE0B-3BCAE7154D3E}
	EndGlobalSection
EndGlobal
